// !$*UTF8*$!
{
	archiveVersion = 1;
	classes = {
	};
	objectVersion = 50;
	objects = {

/* Begin PBXBuildFile section */
		0CAC552623B56BB500C82153 /* AppDelegate.swift in Sources */ = {isa = PBXBuildFile; fileRef = 0CAC552523B56BB500C82153 /* AppDelegate.swift */; };
		0CAC552823B56BB500C82153 /* SceneDelegate.swift in Sources */ = {isa = PBXBuildFile; fileRef = 0CAC552723B56BB500C82153 /* SceneDelegate.swift */; };
		0CAC552A23B56BB500C82153 /* ViewController.swift in Sources */ = {isa = PBXBuildFile; fileRef = 0CAC552923B56BB500C82153 /* ViewController.swift */; };
		0CAC552D23B56BB500C82153 /* Main.storyboard in Resources */ = {isa = PBXBuildFile; fileRef = 0CAC552B23B56BB500C82153 /* Main.storyboard */; };
		0CAC552F23B56BB600C82153 /* Assets.xcassets in Resources */ = {isa = PBXBuildFile; fileRef = 0CAC552E23B56BB600C82153 /* Assets.xcassets */; };
		0CAC553223B56BB600C82153 /* LaunchScreen.storyboard in Resources */ = {isa = PBXBuildFile; fileRef = 0CAC553023B56BB600C82153 /* LaunchScreen.storyboard */; };
		0CAC553D23B56BB600C82153 /* I_Am_PoorTests.swift in Sources */ = {isa = PBXBuildFile; fileRef = 0CAC553C23B56BB600C82153 /* I_Am_PoorTests.swift */; };
		0CAC554823B56BB600C82153 /* I_Am_PoorUITests.swift in Sources */ = {isa = PBXBuildFile; fileRef = 0CAC554723B56BB600C82153 /* I_Am_PoorUITests.swift */; };
/* End PBXBuildFile section */

/* Begin PBXContainerItemProxy section */
		0CAC553923B56BB600C82153 /* PBXContainerItemProxy */ = {
			isa = PBXContainerItemProxy;
			containerPortal = 0CAC551A23B56BB500C82153 /* Project object */;
			proxyType = 1;
			remoteGlobalIDString = 0CAC552123B56BB500C82153;
			remoteInfo = "I Am Poor";
		};
		0CAC554423B56BB600C82153 /* PBXContainerItemProxy */ = {
			isa = PBXContainerItemProxy;
			containerPortal = 0CAC551A23B56BB500C82153 /* Project object */;
			proxyType = 1;
			remoteGlobalIDString = 0CAC552123B56BB500C82153;
			remoteInfo = "I Am Poor";
		};
/* End PBXContainerItemProxy section */

/* Begin PBXFileReference section */
		0CAC552223B56BB500C82153 /* I Am Poor.app */ = {isa = PBXFileReference; explicitFileType = wrapper.application; includeInIndex = 0; path = "I Am Poor.app"; sourceTree = BUILT_PRODUCTS_DIR; };
		0CAC552523B56BB500C82153 /* AppDelegate.swift */ = {isa = PBXFileReference; lastKnownFileType = sourcecode.swift; path = AppDelegate.swift; sourceTree = "<group>"; };
		0CAC552723B56BB500C82153 /* SceneDelegate.swift */ = {isa = PBXFileReference; lastKnownFileType = sourcecode.swift; path = SceneDelegate.swift; sourceTree = "<group>"; };
		0CAC552923B56BB500C82153 /* ViewController.swift */ = {isa = PBXFileReference; lastKnownFileType = sourcecode.swift; path = ViewController.swift; sourceTree = "<group>"; };
		0CAC552C23B56BB500C82153 /* Base */ = {isa = PBXFileReference; lastKnownFileType = file.storyboard; name = Base; path = Base.lproj/Main.storyboard; sourceTree = "<group>"; };
		0CAC552E23B56BB600C82153 /* Assets.xcassets */ = {isa = PBXFileReference; lastKnownFileType = folder.assetcatalog; path = Assets.xcassets; sourceTree = "<group>"; };
		0CAC553123B56BB600C82153 /* Base */ = {isa = PBXFileReference; lastKnownFileType = file.storyboard; name = Base; path = Base.lproj/LaunchScreen.storyboard; sourceTree = "<group>"; };
		0CAC553323B56BB600C82153 /* Info.plist */ = {isa = PBXFileReference; lastKnownFileType = text.plist.xml; path = Info.plist; sourceTree = "<group>"; };
		0CAC553823B56BB600C82153 /* I Am PoorTests.xctest */ = {isa = PBXFileReference; explicitFileType = wrapper.cfbundle; includeInIndex = 0; path = "I Am PoorTests.xctest"; sourceTree = BUILT_PRODUCTS_DIR; };
		0CAC553C23B56BB600C82153 /* I_Am_PoorTests.swift */ = {isa = PBXFileReference; lastKnownFileType = sourcecode.swift; path = I_Am_PoorTests.swift; sourceTree = "<group>"; };
		0CAC553E23B56BB600C82153 /* Info.plist */ = {isa = PBXFileReference; lastKnownFileType = text.plist.xml; path = Info.plist; sourceTree = "<group>"; };
		0CAC554323B56BB600C82153 /* I Am PoorUITests.xctest */ = {isa = PBXFileReference; explicitFileType = wrapper.cfbundle; includeInIndex = 0; path = "I Am PoorUITests.xctest"; sourceTree = BUILT_PRODUCTS_DIR; };
		0CAC554723B56BB600C82153 /* I_Am_PoorUITests.swift */ = {isa = PBXFileReference; lastKnownFileType = sourcecode.swift; path = I_Am_PoorUITests.swift; sourceTree = "<group>"; };
		0CAC554923B56BB600C82153 /* Info.plist */ = {isa = PBXFileReference; lastKnownFileType = text.plist.xml; path = Info.plist; sourceTree = "<group>"; };
/* End PBXFileReference section */

/* Begin PBXFrameworksBuildPhase section */
		0CAC551F23B56BB500C82153 /* Frameworks */ = {
			isa = PBXFrameworksBuildPhase;
			buildActionMask = 2147483647;
			files = (
			);
			runOnlyForDeploymentPostprocessing = 0;
		};
		0CAC553523B56BB600C82153 /* Frameworks */ = {
			isa = PBXFrameworksBuildPhase;
			buildActionMask = 2147483647;
			files = (
			);
			runOnlyForDeploymentPostprocessing = 0;
		};
		0CAC554023B56BB600C82153 /* Frameworks */ = {
			isa = PBXFrameworksBuildPhase;
			buildActionMask = 2147483647;
			files = (
			);
			runOnlyForDeploymentPostprocessing = 0;
		};
/* End PBXFrameworksBuildPhase section */

/* Begin PBXGroup section */
		0CAC551923B56BB500C82153 = {
			isa = PBXGroup;
			children = (
				0CAC552423B56BB500C82153 /* I Am Poor */,
				0CAC553B23B56BB600C82153 /* I Am PoorTests */,
				0CAC554623B56BB600C82153 /* I Am PoorUITests */,
				0CAC552323B56BB500C82153 /* Products */,
			);
			sourceTree = "<group>";
		};
		0CAC552323B56BB500C82153 /* Products */ = {
			isa = PBXGroup;
			children = (
				0CAC552223B56BB500C82153 /* I Am Poor.app */,
				0CAC553823B56BB600C82153 /* I Am PoorTests.xctest */,
				0CAC554323B56BB600C82153 /* I Am PoorUITests.xctest */,
			);
			name = Products;
			sourceTree = "<group>";
		};
		0CAC552423B56BB500C82153 /* I Am Poor */ = {
			isa = PBXGroup;
			children = (
				0CAC552523B56BB500C82153 /* AppDelegate.swift */,
				0CAC552723B56BB500C82153 /* SceneDelegate.swift */,
				0CAC552923B56BB500C82153 /* ViewController.swift */,
				0CAC552B23B56BB500C82153 /* Main.storyboard */,
				0CAC552E23B56BB600C82153 /* Assets.xcassets */,
				0CAC553023B56BB600C82153 /* LaunchScreen.storyboard */,
				0CAC553323B56BB600C82153 /* Info.plist */,
			);
			path = "I Am Poor";
			sourceTree = "<group>";
		};
		0CAC553B23B56BB600C82153 /* I Am PoorTests */ = {
			isa = PBXGroup;
			children = (
				0CAC553C23B56BB600C82153 /* I_Am_PoorTests.swift */,
				0CAC553E23B56BB600C82153 /* Info.plist */,
			);
			path = "I Am PoorTests";
			sourceTree = "<group>";
		};
		0CAC554623B56BB600C82153 /* I Am PoorUITests */ = {
			isa = PBXGroup;
			children = (
				0CAC554723B56BB600C82153 /* I_Am_PoorUITests.swift */,
				0CAC554923B56BB600C82153 /* Info.plist */,
			);
			path = "I Am PoorUITests";
			sourceTree = "<group>";
		};
/* End PBXGroup section */

/* Begin PBXNativeTarget section */
		0CAC552123B56BB500C82153 /* I Am Poor */ = {
			isa = PBXNativeTarget;
			buildConfigurationList = 0CAC554C23B56BB600C82153 /* Build configuration list for PBXNativeTarget "I Am Poor" */;
			buildPhases = (
				0CAC551E23B56BB500C82153 /* Sources */,
				0CAC551F23B56BB500C82153 /* Frameworks */,
				0CAC552023B56BB500C82153 /* Resources */,
			);
			buildRules = (
			);
			dependencies = (
			);
			name = "I Am Poor";
			productName = "I Am Poor";
			productReference = 0CAC552223B56BB500C82153 /* I Am Poor.app */;
			productType = "com.apple.product-type.application";
		};
		0CAC553723B56BB600C82153 /* I Am PoorTests */ = {
			isa = PBXNativeTarget;
			buildConfigurationList = 0CAC554F23B56BB600C82153 /* Build configuration list for PBXNativeTarget "I Am PoorTests" */;
			buildPhases = (
				0CAC553423B56BB600C82153 /* Sources */,
				0CAC553523B56BB600C82153 /* Frameworks */,
				0CAC553623B56BB600C82153 /* Resources */,
			);
			buildRules = (
			);
			dependencies = (
				0CAC553A23B56BB600C82153 /* PBXTargetDependency */,
			);
			name = "I Am PoorTests";
			productName = "I Am PoorTests";
			productReference = 0CAC553823B56BB600C82153 /* I Am PoorTests.xctest */;
			productType = "com.apple.product-type.bundle.unit-test";
		};
		0CAC554223B56BB600C82153 /* I Am PoorUITests */ = {
			isa = PBXNativeTarget;
			buildConfigurationList = 0CAC555223B56BB600C82153 /* Build configuration list for PBXNativeTarget "I Am PoorUITests" */;
			buildPhases = (
				0CAC553F23B56BB600C82153 /* Sources */,
				0CAC554023B56BB600C82153 /* Frameworks */,
				0CAC554123B56BB600C82153 /* Resources */,
			);
			buildRules = (
			);
			dependencies = (
				0CAC554523B56BB600C82153 /* PBXTargetDependency */,
			);
			name = "I Am PoorUITests";
			productName = "I Am PoorUITests";
			productReference = 0CAC554323B56BB600C82153 /* I Am PoorUITests.xctest */;
			productType = "com.apple.product-type.bundle.ui-testing";
		};
/* End PBXNativeTarget section */

/* Begin PBXProject section */
		0CAC551A23B56BB500C82153 /* Project object */ = {
			isa = PBXProject;
			attributes = {
				LastSwiftUpdateCheck = 1130;
				LastUpgradeCheck = 1130;
				ORGANIZATIONNAME = "Duy Le";
				TargetAttributes = {
					0CAC552123B56BB500C82153 = {
						CreatedOnToolsVersion = 11.3;
					};
					0CAC553723B56BB600C82153 = {
						CreatedOnToolsVersion = 11.3;
						TestTargetID = 0CAC552123B56BB500C82153;
					};
					0CAC554223B56BB600C82153 = {
						CreatedOnToolsVersion = 11.3;
						TestTargetID = 0CAC552123B56BB500C82153;
					};
				};
			};
			buildConfigurationList = 0CAC551D23B56BB500C82153 /* Build configuration list for PBXProject "I Am Poor" */;
			compatibilityVersion = "Xcode 9.3";
			developmentRegion = en;
			hasScannedForEncodings = 0;
			knownRegions = (
				en,
				Base,
			);
			mainGroup = 0CAC551923B56BB500C82153;
			productRefGroup = 0CAC552323B56BB500C82153 /* Products */;
			projectDirPath = "";
			projectRoot = "";
			targets = (
				0CAC552123B56BB500C82153 /* I Am Poor */,
				0CAC553723B56BB600C82153 /* I Am PoorTests */,
				0CAC554223B56BB600C82153 /* I Am PoorUITests */,
			);
		};
/* End PBXProject section */

/* Begin PBXResourcesBuildPhase section */
		0CAC552023B56BB500C82153 /* Resources */ = {
			isa = PBXResourcesBuildPhase;
			buildActionMask = 2147483647;
			files = (
				0CAC553223B56BB600C82153 /* LaunchScreen.storyboard in Resources */,
				0CAC552F23B56BB600C82153 /* Assets.xcassets in Resources */,
				0CAC552D23B56BB500C82153 /* Main.storyboard in Resources */,
			);
			runOnlyForDeploymentPostprocessing = 0;
		};
		0CAC553623B56BB600C82153 /* Resources */ = {
			isa = PBXResourcesBuildPhase;
			buildActionMask = 2147483647;
			files = (
			);
			runOnlyForDeploymentPostprocessing = 0;
		};
		0CAC554123B56BB600C82153 /* Resources */ = {
			isa = PBXResourcesBuildPhase;
			buildActionMask = 2147483647;
			files = (
			);
			runOnlyForDeploymentPostprocessing = 0;
		};
/* End PBXResourcesBuildPhase section */

/* Begin PBXSourcesBuildPhase section */
		0CAC551E23B56BB500C82153 /* Sources */ = {
			isa = PBXSourcesBuildPhase;
			buildActionMask = 2147483647;
			files = (
				0CAC552A23B56BB500C82153 /* ViewController.swift in Sources */,
				0CAC552623B56BB500C82153 /* AppDelegate.swift in Sources */,
				0CAC552823B56BB500C82153 /* SceneDelegate.swift in Sources */,
			);
			runOnlyForDeploymentPostprocessing = 0;
		};
		0CAC553423B56BB600C82153 /* Sources */ = {
			isa = PBXSourcesBuildPhase;
			buildActionMask = 2147483647;
			files = (
				0CAC553D23B56BB600C82153 /* I_Am_PoorTests.swift in Sources */,
			);
			runOnlyForDeploymentPostprocessing = 0;
		};
		0CAC553F23B56BB600C82153 /* Sources */ = {
			isa = PBXSourcesBuildPhase;
			buildActionMask = 2147483647;
			files = (
				0CAC554823B56BB600C82153 /* I_Am_PoorUITests.swift in Sources */,
			);
			runOnlyForDeploymentPostprocessing = 0;
		};
/* End PBXSourcesBuildPhase section */

/* Begin PBXTargetDependency section */
		0CAC553A23B56BB600C82153 /* PBXTargetDependency */ = {
			isa = PBXTargetDependency;
			target = 0CAC552123B56BB500C82153 /* I Am Poor */;
			targetProxy = 0CAC553923B56BB600C82153 /* PBXContainerItemProxy */;
		};
		0CAC554523B56BB600C82153 /* PBXTargetDependency */ = {
			isa = PBXTargetDependency;
			target = 0CAC552123B56BB500C82153 /* I Am Poor */;
			targetProxy = 0CAC554423B56BB600C82153 /* PBXContainerItemProxy */;
		};
/* End PBXTargetDependency section */

/* Begin PBXVariantGroup section */
		0CAC552B23B56BB500C82153 /* Main.storyboard */ = {
			isa = PBXVariantGroup;
			children = (
				0CAC552C23B56BB500C82153 /* Base */,
			);
			name = Main.storyboard;
			sourceTree = "<group>";
		};
		0CAC553023B56BB600C82153 /* LaunchScreen.storyboard */ = {
			isa = PBXVariantGroup;
			children = (
				0CAC553123B56BB600C82153 /* Base */,
			);
			name = LaunchScreen.storyboard;
			sourceTree = "<group>";
		};
/* End PBXVariantGroup section */

/* Begin XCBuildConfiguration section */
		0CAC554A23B56BB600C82153 /* Debug */ = {
			isa = XCBuildConfiguration;
			buildSettings = {
				ALWAYS_SEARCH_USER_PATHS = NO;
				CLANG_ANALYZER_NONNULL = YES;
				CLANG_ANALYZER_NUMBER_OBJECT_CONVERSION = YES_AGGRESSIVE;
				CLANG_CXX_LANGUAGE_STANDARD = "gnu++14";
				CLANG_CXX_LIBRARY = "libc++";
				CLANG_ENABLE_MODULES = YES;
				CLANG_ENABLE_OBJC_ARC = YES;
				CLANG_ENABLE_OBJC_WEAK = YES;
				CLANG_WARN_BLOCK_CAPTURE_AUTORELEASING = YES;
				CLANG_WARN_BOOL_CONVERSION = YES;
				CLANG_WARN_COMMA = YES;
				CLANG_WARN_CONSTANT_CONVERSION = YES;
				CLANG_WARN_DEPRECATED_OBJC_IMPLEMENTATIONS = YES;
				CLANG_WARN_DIRECT_OBJC_ISA_USAGE = YES_ERROR;
				CLANG_WARN_DOCUMENTATION_COMMENTS = YES;
				CLANG_WARN_EMPTY_BODY = YES;
				CLANG_WARN_ENUM_CONVERSION = YES;
				CLANG_WARN_INFINITE_RECURSION = YES;
				CLANG_WARN_INT_CONVERSION = YES;
				CLANG_WARN_NON_LITERAL_NULL_CONVERSION = YES;
				CLANG_WARN_OBJC_IMPLICIT_RETAIN_SELF = YES;
				CLANG_WARN_OBJC_LITERAL_CONVERSION = YES;
				CLANG_WARN_OBJC_ROOT_CLASS = YES_ERROR;
				CLANG_WARN_RANGE_LOOP_ANALYSIS = YES;
				CLANG_WARN_STRICT_PROTOTYPES = YES;
				CLANG_WARN_SUSPICIOUS_MOVE = YES;
				CLANG_WARN_UNGUARDED_AVAILABILITY = YES_AGGRESSIVE;
				CLANG_WARN_UNREACHABLE_CODE = YES;
				CLANG_WARN__DUPLICATE_METHOD_MATCH = YES;
				COPY_PHASE_STRIP = NO;
				DEBUG_INFORMATION_FORMAT = dwarf;
				ENABLE_STRICT_OBJC_MSGSEND = YES;
				ENABLE_TESTABILITY = YES;
				GCC_C_LANGUAGE_STANDARD = gnu11;
				GCC_DYNAMIC_NO_PIC = NO;
				GCC_NO_COMMON_BLOCKS = YES;
				GCC_OPTIMIZATION_LEVEL = 0;
				GCC_PREPROCESSOR_DEFINITIONS = (
					"DEBUG=1",
					"$(inherited)",
				);
				GCC_WARN_64_TO_32_BIT_CONVERSION = YES;
				GCC_WARN_ABOUT_RETURN_TYPE = YES_ERROR;
				GCC_WARN_UNDECLARED_SELECTOR = YES;
				GCC_WARN_UNINITIALIZED_AUTOS = YES_AGGRESSIVE;
				GCC_WARN_UNUSED_FUNCTION = YES;
				GCC_WARN_UNUSED_VARIABLE = YES;
				IPHONEOS_DEPLOYMENT_TARGET = 13.2;
				MTL_ENABLE_DEBUG_INFO = INCLUDE_SOURCE;
				MTL_FAST_MATH = YES;
				ONLY_ACTIVE_ARCH = YES;
				SDKROOT = iphoneos;
				SWIFT_ACTIVE_COMPILATION_CONDITIONS = DEBUG;
				SWIFT_OPTIMIZATION_LEVEL = "-Onone";
			};
			name = Debug;
		};
		0CAC554B23B56BB600C82153 /* Release */ = {
			isa = XCBuildConfiguration;
			buildSettings = {
				ALWAYS_SEARCH_USER_PATHS = NO;
				CLANG_ANALYZER_NONNULL = YES;
				CLANG_ANALYZER_NUMBER_OBJECT_CONVERSION = YES_AGGRESSIVE;
				CLANG_CXX_LANGUAGE_STANDARD = "gnu++14";
				CLANG_CXX_LIBRARY = "libc++";
				CLANG_ENABLE_MODULES = YES;
				CLANG_ENABLE_OBJC_ARC = YES;
				CLANG_ENABLE_OBJC_WEAK = YES;
				CLANG_WARN_BLOCK_CAPTURE_AUTORELEASING = YES;
				CLANG_WARN_BOOL_CONVERSION = YES;
				CLANG_WARN_COMMA = YES;
				CLANG_WARN_CONSTANT_CONVERSION = YES;
				CLANG_WARN_DEPRECATED_OBJC_IMPLEMENTATIONS = YES;
				CLANG_WARN_DIRECT_OBJC_ISA_USAGE = YES_ERROR;
				CLANG_WARN_DOCUMENTATION_COMMENTS = YES;
				CLANG_WARN_EMPTY_BODY = YES;
				CLANG_WARN_ENUM_CONVERSION = YES;
				CLANG_WARN_INFINITE_RECURSION = YES;
				CLANG_WARN_INT_CONVERSION = YES;
				CLANG_WARN_NON_LITERAL_NULL_CONVERSION = YES;
				CLANG_WARN_OBJC_IMPLICIT_RETAIN_SELF = YES;
				CLANG_WARN_OBJC_LITERAL_CONVERSION = YES;
				CLANG_WARN_OBJC_ROOT_CLASS = YES_ERROR;
				CLANG_WARN_RANGE_LOOP_ANALYSIS = YES;
				CLANG_WARN_STRICT_PROTOTYPES = YES;
				CLANG_WARN_SUSPICIOUS_MOVE = YES;
				CLANG_WARN_UNGUARDED_AVAILABILITY = YES_AGGRESSIVE;
				CLANG_WARN_UNREACHABLE_CODE = YES;
				CLANG_WARN__DUPLICATE_METHOD_MATCH = YES;
				COPY_PHASE_STRIP = NO;
				DEBUG_INFORMATION_FORMAT = "dwarf-with-dsym";
				ENABLE_NS_ASSERTIONS = NO;
				ENABLE_STRICT_OBJC_MSGSEND = YES;
				GCC_C_LANGUAGE_STANDARD = gnu11;
				GCC_NO_COMMON_BLOCKS = YES;
				GCC_WARN_64_TO_32_BIT_CONVERSION = YES;
				GCC_WARN_ABOUT_RETURN_TYPE = YES_ERROR;
				GCC_WARN_UNDECLARED_SELECTOR = YES;
				GCC_WARN_UNINITIALIZED_AUTOS = YES_AGGRESSIVE;
				GCC_WARN_UNUSED_FUNCTION = YES;
				GCC_WARN_UNUSED_VARIABLE = YES;
				IPHONEOS_DEPLOYMENT_TARGET = 13.2;
				MTL_ENABLE_DEBUG_INFO = NO;
				MTL_FAST_MATH = YES;
				SDKROOT = iphoneos;
				SWIFT_COMPILATION_MODE = wholemodule;
				SWIFT_OPTIMIZATION_LEVEL = "-O";
				VALIDATE_PRODUCT = YES;
			};
			name = Release;
		};
		0CAC554D23B56BB600C82153 /* Debug */ = {
			isa = XCBuildConfiguration;
			buildSettings = {
				ASSETCATALOG_COMPILER_APPICON_NAME = AppIcon;
				CODE_SIGN_STYLE = Automatic;
				DEVELOPMENT_TEAM = 7DF538WTS3;
				INFOPLIST_FILE = "I Am Poor/Info.plist";
				LD_RUNPATH_SEARCH_PATHS = (
					"$(inherited)",
					"@executable_path/Frameworks",
				);
				PRODUCT_BUNDLE_IDENTIFIER = "com.leduy10192.I-Am-Poor";
				PRODUCT_NAME = "$(TARGET_NAME)";
				SWIFT_VERSION = 5.0;
				TARGETED_DEVICE_FAMILY = "1,2";
			};
			name = Debug;
		};
		0CAC554E23B56BB600C82153 /* Release */ = {
			isa = XCBuildConfiguration;
			buildSettings = {
				ASSETCATALOG_COMPILER_APPICON_NAME = AppIcon;
				CODE_SIGN_STYLE = Automatic;
				DEVELOPMENT_TEAM = 7DF538WTS3;
				INFOPLIST_FILE = "I Am Poor/Info.plist";
				LD_RUNPATH_SEARCH_PATHS = (
					"$(inherited)",
					"@executable_path/Frameworks",
				);
				PRODUCT_BUNDLE_IDENTIFIER = "com.leduy10192.I-Am-Poor";
				PRODUCT_NAME = "$(TARGET_NAME)";
				SWIFT_VERSION = 5.0;
				TARGETED_DEVICE_FAMILY = "1,2";
			};
			name = Release;
		};
		0CAC555023B56BB600C82153 /* Debug */ = {
			isa = XCBuildConfiguration;
			buildSettings = {
				ALWAYS_EMBED_SWIFT_STANDARD_LIBRARIES = YES;
				BUNDLE_LOADER = "$(TEST_HOST)";
				CODE_SIGN_STYLE = Automatic;
				INFOPLIST_FILE = "I Am PoorTests/Info.plist";
				IPHONEOS_DEPLOYMENT_TARGET = 13.2;
				LD_RUNPATH_SEARCH_PATHS = (
					"$(inherited)",
					"@executable_path/Frameworks",
					"@loader_path/Frameworks",
				);
				PRODUCT_BUNDLE_IDENTIFIER = "com.leduy10192.I-Am-PoorTests";
				PRODUCT_NAME = "$(TARGET_NAME)";
				SWIFT_VERSION = 5.0;
				TARGETED_DEVICE_FAMILY = "1,2";
				TEST_HOST = "$(BUILT_PRODUCTS_DIR)/I Am Poor.app/I Am Poor";
			};
			name = Debug;
		};
		0CAC555123B56BB600C82153 /* Release */ = {
			isa = XCBuildConfiguration;
			buildSettings = {
				ALWAYS_EMBED_SWIFT_STANDARD_LIBRARIES = YES;
				BUNDLE_LOADER = "$(TEST_HOST)";
				CODE_SIGN_STYLE = Automatic;
				INFOPLIST_FILE = "I Am PoorTests/Info.plist";
				IPHONEOS_DEPLOYMENT_TARGET = 13.2;
				LD_RUNPATH_SEARCH_PATHS = (
					"$(inherited)",
					"@executable_path/Frameworks",
					"@loader_path/Frameworks",
				);
				PRODUCT_BUNDLE_IDENTIFIER = "com.leduy10192.I-Am-PoorTests";
				PRODUCT_NAME = "$(TARGET_NAME)";
				SWIFT_VERSION = 5.0;
				TARGETED_DEVICE_FAMILY = "1,2";
				TEST_HOST = "$(BUILT_PRODUCTS_DIR)/I Am Poor.app/I Am Poor";
			};
			name = Release;
		};
		0CAC555323B56BB600C82153 /* Debug */ = {
			isa = XCBuildConfiguration;
			buildSettings = {
				ALWAYS_EMBED_SWIFT_STANDARD_LIBRARIES = YES;
				CODE_SIGN_STYLE = Automatic;
				INFOPLIST_FILE = "I Am PoorUITests/Info.plist";
				LD_RUNPATH_SEARCH_PATHS = (
					"$(inherited)",
					"@executable_path/Frameworks",
					"@loader_path/Frameworks",
				);
				PRODUCT_BUNDLE_IDENTIFIER = "com.leduy10192.I-Am-PoorUITests";
				PRODUCT_NAME = "$(TARGET_NAME)";
				SWIFT_VERSION = 5.0;
				TARGETED_DEVICE_FAMILY = "1,2";
				TEST_TARGET_NAME = "I Am Poor";
			};
			name = Debug;
		};
		0CAC555423B56BB600C82153 /* Release */ = {
			isa = XCBuildConfiguration;
			buildSettings = {
				ALWAYS_EMBED_SWIFT_STANDARD_LIBRARIES = YES;
				CODE_SIGN_STYLE = Automatic;
				INFOPLIST_FILE = "I Am PoorUITests/Info.plist";
				LD_RUNPATH_SEARCH_PATHS = (
					"$(inherited)",
					"@executable_path/Frameworks",
					"@loader_path/Frameworks",
				);
				PRODUCT_BUNDLE_IDENTIFIER = "com.leduy10192.I-Am-PoorUITests";
				PRODUCT_NAME = "$(TARGET_NAME)";
				SWIFT_VERSION = 5.0;
				TARGETED_DEVICE_FAMILY = "1,2";
				TEST_TARGET_NAME = "I Am Poor";
			};
			name = Release;
		};
/* End XCBuildConfiguration section */

/* Begin XCConfigurationList section */
		0CAC551D23B56BB500C82153 /* Build configuration list for PBXProject "I Am Poor" */ = {
			isa = XCConfigurationList;
			buildConfigurations = (
				0CAC554A23B56BB600C82153 /* Debug */,
				0CAC554B23B56BB600C82153 /* Release */,
			);
			defaultConfigurationIsVisible = 0;
			defaultConfigurationName = Release;
		};
		0CAC554C23B56BB600C82153 /* Build configuration list for PBXNativeTarget "I Am Poor" */ = {
			isa = XCConfigurationList;
			buildConfigurations = (
				0CAC554D23B56BB600C82153 /* Debug */,
				0CAC554E23B56BB600C82153 /* Release */,
			);
			defaultConfigurationIsVisible = 0;
			defaultConfigurationName = Release;
		};
		0CAC554F23B56BB600C82153 /* Build configuration list for PBXNativeTarget "I Am PoorTests" */ = {
			isa = XCConfigurationList;
			buildConfigurations = (
				0CAC555023B56BB600C82153 /* Debug */,
				0CAC555123B56BB600C82153 /* Release */,
			);
			defaultConfigurationIsVisible = 0;
			defaultConfigurationName = Release;
		};
		0CAC555223B56BB600C82153 /* Build configuration list for PBXNativeTarget "I Am PoorUITests" */ = {
			isa = XCConfigurationList;
			buildConfigurations = (
				0CAC555323B56BB600C82153 /* Debug */,
				0CAC555423B56BB600C82153 /* Release */,
			);
			defaultConfigurationIsVisible = 0;
			defaultConfigurationName = Release;
		};
/* End XCConfigurationList section */
	};
	rootObject = 0CAC551A23B56BB500C82153 /* Project object */;
}
